{
  "name": "rsa-lab",
  "version": "1.0.0",
  "lockfileVersion": 1,
  "requires": true,
  "dependencies": {
    "big-integer": {
      "version": "1.6.46",
      "resolved": "https://registry.npmjs.org/big-integer/-/big-integer-1.6.46.tgz",
      "integrity": "sha512-Vj2TNtZ8Y0XaL6HCkzJiEqfykjtv/9wVCWIutMe+QVIXLPe2tCLEzULtYvcX9WRtmNIj3Jqi5tNjIsR0N4QOsg=="
    }
  }
}
